
Microsoft Visual Studio Solution File, Format Version 12.00
# Visual Studio Version 17
VisualStudioVersion = 17.1.32414.318
MinimumVisualStudioVersion = 10.0.40219.1
Project("{FAE04EC0-301F-11D3-BF4B-00C04F79EFBC}") = "APIPRODUCTOS", "APIPRODUCTOS\APIPRODUCTOS.csproj", "{6EF3FFF7-C00A-460E-B486-1641232DA48B}"
EndProject
Global
	GlobalSection(SolutionConfigurationPlatforms) = preSolution
		Debug|Any CPU = Debug|Any CPU
		Release|Any CPU = Release|Any CPU
	EndGlobalSection
	GlobalSection(ProjectConfigurationPlatforms) = postSolution
		{6EF3FFF7-C00A-460E-B486-1641232DA48B}.Debug|Any CPU.ActiveCfg = Debug|Any CPU
		{6EF3FFF7-C00A-460E-B486-1641232DA48B}.Debug|Any CPU.Build.0 = Debug|Any CPU
		{6EF3FFF7-C00A-460E-B486-1641232DA48B}.Release|Any CPU.ActiveCfg = Release|Any CPU
		{6EF3FFF7-C00A-460E-B486-1641232DA48B}.Release|Any CPU.Build.0 = Release|Any CPU
	EndGlobalSection
	GlobalSection(SolutionProperties) = preSolution
		HideSolutionNode = FALSE
	EndGlobalSection
	GlobalSection(ExtensibilityGlobals) = postSolution
		SolutionGuid = {CDB7502E-A674-480F-815F-9336E15F7B30}
	EndGlobalSection
EndGlobal
